
Microsoft Visual Studio Solution File, Format Version 12.00
# Visual Studio Version 17
VisualStudioVersion = 17.14.36603.0 d17.14
MinimumVisualStudioVersion = 10.0.40219.1
Project("{8BC9CEB8-8B4A-11D0-8D11-00A0C91BC942}") = "dop5", "dop5\dop5.vcxproj", "{458998C1-C197-4D2F-A79B-4AD77E8E74B1}"
EndProject
Global
	GlobalSection(SolutionConfigurationPlatforms) = preSolution
		Debug|x64 = Debug|x64
		Debug|x86 = Debug|x86
		Release|x64 = Release|x64
		Release|x86 = Release|x86
	EndGlobalSection
	GlobalSection(ProjectConfigurationPlatforms) = postSolution
		{458998C1-C197-4D2F-A79B-4AD77E8E74B1}.Debug|x64.ActiveCfg = Debug|x64
		{458998C1-C197-4D2F-A79B-4AD77E8E74B1}.Debug|x64.Build.0 = Debug|x64
		{458998C1-C197-4D2F-A79B-4AD77E8E74B1}.Debug|x86.ActiveCfg = Debug|Win32
		{458998C1-C197-4D2F-A79B-4AD77E8E74B1}.Debug|x86.Build.0 = Debug|Win32
		{458998C1-C197-4D2F-A79B-4AD77E8E74B1}.Release|x64.ActiveCfg = Release|x64
		{458998C1-C197-4D2F-A79B-4AD77E8E74B1}.Release|x64.Build.0 = Release|x64
		{458998C1-C197-4D2F-A79B-4AD77E8E74B1}.Release|x86.ActiveCfg = Release|Win32
		{458998C1-C197-4D2F-A79B-4AD77E8E74B1}.Release|x86.Build.0 = Release|Win32
	EndGlobalSection
	GlobalSection(SolutionProperties) = preSolution
		HideSolutionNode = FALSE
	EndGlobalSection
	GlobalSection(ExtensibilityGlobals) = postSolution
		SolutionGuid = {FEF1A125-C7D3-4137-BA34-4AF39AE45A12}
	EndGlobalSection
EndGlobal
